
Microsoft Visual Studio Solution File, Format Version 12.00
# Visual Studio 14
VisualStudioVersion = 14.0.25420.1
MinimumVisualStudioVersion = 10.0.40219.1
Project("{F2A71F9B-5D33-465A-A702-920D77279786}") = "Investments", "Investments\Investments.fsproj", "{CAC9B1C3-1B24-40BB-9268-2EBFC587096F}"
EndProject
Project("{F2A71F9B-5D33-465A-A702-920D77279786}") = "Investments.Tests", "Investments.Tests\Investments.Tests.fsproj", "{FE733105-6C61-4D5D-A20C-4569C407D254}"
EndProject
Global
	GlobalSection(SolutionConfigurationPlatforms) = preSolution
		Debug|Any CPU = Debug|Any CPU
		Release|Any CPU = Release|Any CPU
	EndGlobalSection
	GlobalSection(ProjectConfigurationPlatforms) = postSolution
		{CAC9B1C3-1B24-40BB-9268-2EBFC587096F}.Debug|Any CPU.ActiveCfg = Debug|Any CPU
		{CAC9B1C3-1B24-40BB-9268-2EBFC587096F}.Debug|Any CPU.Build.0 = Debug|Any CPU
		{CAC9B1C3-1B24-40BB-9268-2EBFC587096F}.Release|Any CPU.ActiveCfg = Release|Any CPU
		{CAC9B1C3-1B24-40BB-9268-2EBFC587096F}.Release|Any CPU.Build.0 = Release|Any CPU
		{FE733105-6C61-4D5D-A20C-4569C407D254}.Debug|Any CPU.ActiveCfg = Debug|Any CPU
		{FE733105-6C61-4D5D-A20C-4569C407D254}.Debug|Any CPU.Build.0 = Debug|Any CPU
		{FE733105-6C61-4D5D-A20C-4569C407D254}.Release|Any CPU.ActiveCfg = Release|Any CPU
		{FE733105-6C61-4D5D-A20C-4569C407D254}.Release|Any CPU.Build.0 = Release|Any CPU
	EndGlobalSection
	GlobalSection(SolutionProperties) = preSolution
		HideSolutionNode = FALSE
	EndGlobalSection
EndGlobal
